
Microsoft Visual Studio Solution File, Format Version 11.00
# Visual Studio 2010
Project("{FAE04EC0-301F-11D3-BF4B-00C04F79EFBC}") = "Login", "Login\Login.csproj", "{B861277D-661C-4968-B318-5CA2F3288135}"
EndProject
Global
	GlobalSection(SolutionConfigurationPlatforms) = preSolution
		Debug|Any CPU = Debug|Any CPU
		Release|Any CPU = Release|Any CPU
	EndGlobalSection
	GlobalSection(ProjectConfigurationPlatforms) = postSolution
		{B861277D-661C-4968-B318-5CA2F3288135}.Debug|Any CPU.ActiveCfg = Debug|Any CPU
		{B861277D-661C-4968-B318-5CA2F3288135}.Debug|Any CPU.Build.0 = Debug|Any CPU
		{B861277D-661C-4968-B318-5CA2F3288135}.Release|Any CPU.ActiveCfg = Release|Any CPU
		{B861277D-661C-4968-B318-5CA2F3288135}.Release|Any CPU.Build.0 = Release|Any CPU
	EndGlobalSection
	GlobalSection(SolutionProperties) = preSolution
		HideSolutionNode = FALSE
	EndGlobalSection
EndGlobal
